// !$*UTF8*$!
{
	archiveVersion = 1;
	classes = {
	};
	objectVersion = 48;
	objects = {

/* Begin PBXBuildFile section */
		592250EF2054CD0D007286A2 /* noyes.gpx in Resources */ = {isa = PBXBuildFile; fileRef = 592250EE2054CD0D007286A2 /* noyes.gpx */; };
		5926B71120597E510067603B /* NotificationManager.swift in Sources */ = {isa = PBXBuildFile; fileRef = 5926B70E20597E510067603B /* NotificationManager.swift */; };
		5926B71220597E510067603B /* Pretracker.swift in Sources */ = {isa = PBXBuildFile; fileRef = 5926B70F20597E510067603B /* Pretracker.swift */; };
		5926B71320597E510067603B /* CommManager.swift in Sources */ = {isa = PBXBuildFile; fileRef = 5926B71020597E510067603B /* CommManager.swift */; };
		592FCEDA1FBA881A00BD7251 /* AppDelegate.swift in Sources */ = {isa = PBXBuildFile; fileRef = 592FCED91FBA881A00BD7251 /* AppDelegate.swift */; };
		592FCEDC1FBA881A00BD7251 /* ViewController.swift in Sources */ = {isa = PBXBuildFile; fileRef = 592FCEDB1FBA881A00BD7251 /* ViewController.swift */; };
		592FCEDF1FBA881A00BD7251 /* Main.storyboard in Resources */ = {isa = PBXBuildFile; fileRef = 592FCEDD1FBA881A00BD7251 /* Main.storyboard */; };
		592FCEE11FBA881A00BD7251 /* Assets.xcassets in Resources */ = {isa = PBXBuildFile; fileRef = 592FCEE01FBA881A00BD7251 /* Assets.xcassets */; };
		592FCEE41FBA881A00BD7251 /* LaunchScreen.storyboard in Resources */ = {isa = PBXBuildFile; fileRef = 592FCEE21FBA881A00BD7251 /* LaunchScreen.storyboard */; };
		592FCEEF1FBA881A00BD7251 /* otgSMTests.swift in Sources */ = {isa = PBXBuildFile; fileRef = 592FCEEE1FBA881A00BD7251 /* otgSMTests.swift */; };
		592FCEFA1FBA881A00BD7251 /* otgSMUITests.swift in Sources */ = {isa = PBXBuildFile; fileRef = 592FCEF91FBA881A00BD7251 /* otgSMUITests.swift */; };
		592FCF091FBA885C00BD7251 /* requestVC.swift in Sources */ = {isa = PBXBuildFile; fileRef = 592FCF081FBA885C00BD7251 /* requestVC.swift */; };
		592FCF0B1FBA886B00BD7251 /* progressVC.swift in Sources */ = {isa = PBXBuildFile; fileRef = 592FCF0A1FBA886B00BD7251 /* progressVC.swift */; };
		592FCF101FBA88F200BD7251 /* Task.swift in Sources */ = {isa = PBXBuildFile; fileRef = 592FCF0F1FBA88F200BD7251 /* Task.swift */; };
		592FCF121FBA88FF00BD7251 /* User.swift in Sources */ = {isa = PBXBuildFile; fileRef = 592FCF111FBA88FF00BD7251 /* User.swift */; };
		592FCF171FBA8BDA00BD7251 /* Place.swift in Sources */ = {isa = PBXBuildFile; fileRef = 592FCF161FBA8BDA00BD7251 /* Place.swift */; };
		592FCF191FBB4A8A00BD7251 /* tabBarController.swift in Sources */ = {isa = PBXBuildFile; fileRef = 592FCF181FBB4A8A00BD7251 /* tabBarController.swift */; };
		592FCF1B1FBB4B3C00BD7251 /* Config.swift in Sources */ = {isa = PBXBuildFile; fileRef = 592FCF1A1FBB4B3C00BD7251 /* Config.swift */; };
		592FCF1F1FBB4F6B00BD7251 /* loginVC.swift in Sources */ = {isa = PBXBuildFile; fileRef = 592FCF1E1FBB4F6B00BD7251 /* loginVC.swift */; };
		593B97942056162F008AE587 /* EstimoteSDK.framework in Frameworks */ = {isa = PBXBuildFile; fileRef = 593B97932056162F008AE587 /* EstimoteSDK.framework */; };
		593B979620561660008AE587 /* Icon.png in Resources */ = {isa = PBXBuildFile; fileRef = 593B979520561660008AE587 /* Icon.png */; };
		593B9798205876A7008AE587 /* profile.png in Resources */ = {isa = PBXBuildFile; fileRef = 593B9797205876A7008AE587 /* profile.png */; };
		593B979A20587764008AE587 /* package.png in Resources */ = {isa = PBXBuildFile; fileRef = 593B979920587764008AE587 /* package.png */; };
		593B979C20588509008AE587 /* profileVC.swift in Sources */ = {isa = PBXBuildFile; fileRef = 593B979B20588509008AE587 /* profileVC.swift */; };
		59738AED2169E83500E91C4B /* PushKit.framework in Frameworks */ = {isa = PBXBuildFile; fileRef = 59738AEC2169E83500E91C4B /* PushKit.framework */; };
/* End PBXBuildFile section */

/* Begin PBXContainerItemProxy section */
		592FCEEB1FBA881A00BD7251 /* PBXContainerItemProxy */ = {
			isa = PBXContainerItemProxy;
			containerPortal = 592FCECE1FBA881900BD7251 /* Project object */;
			proxyType = 1;
			remoteGlobalIDString = 592FCED51FBA881900BD7251;
			remoteInfo = otgSM;
		};
		592FCEF61FBA881A00BD7251 /* PBXContainerItemProxy */ = {
			isa = PBXContainerItemProxy;
			containerPortal = 592FCECE1FBA881900BD7251 /* Project object */;
			proxyType = 1;
			remoteGlobalIDString = 592FCED51FBA881900BD7251;
			remoteInfo = otgSM;
		};
/* End PBXContainerItemProxy section */

/* Begin PBXFileReference section */
		592250ED2054CCAC007286A2 /* otgSM.entitlements */ = {isa = PBXFileReference; lastKnownFileType = text.plist.entitlements; path = otgSM.entitlements; sourceTree = "<group>"; };
		592250EE2054CD0D007286A2 /* noyes.gpx */ = {isa = PBXFileReference; fileEncoding = 4; lastKnownFileType = text; path = noyes.gpx; sourceTree = "<group>"; };
		5926B70E20597E510067603B /* NotificationManager.swift */ = {isa = PBXFileReference; fileEncoding = 4; lastKnownFileType = sourcecode.swift; path = NotificationManager.swift; sourceTree = "<group>"; };
		5926B70F20597E510067603B /* Pretracker.swift */ = {isa = PBXFileReference; fileEncoding = 4; lastKnownFileType = sourcecode.swift; path = Pretracker.swift; sourceTree = "<group>"; };
		5926B71020597E510067603B /* CommManager.swift */ = {isa = PBXFileReference; fileEncoding = 4; lastKnownFileType = sourcecode.swift; path = CommManager.swift; sourceTree = "<group>"; };
		592FCED61FBA881900BD7251 /* otgSM.app */ = {isa = PBXFileReference; explicitFileType = wrapper.application; includeInIndex = 0; path = otgSM.app; sourceTree = BUILT_PRODUCTS_DIR; };
		592FCED91FBA881A00BD7251 /* AppDelegate.swift */ = {isa = PBXFileReference; lastKnownFileType = sourcecode.swift; path = AppDelegate.swift; sourceTree = "<group>"; };
		592FCEDB1FBA881A00BD7251 /* ViewController.swift */ = {isa = PBXFileReference; lastKnownFileType = sourcecode.swift; path = ViewController.swift; sourceTree = "<group>"; };
		592FCEDE1FBA881A00BD7251 /* Base */ = {isa = PBXFileReference; lastKnownFileType = file.storyboard; name = Base; path = Base.lproj/Main.storyboard; sourceTree = "<group>"; };
		592FCEE01FBA881A00BD7251 /* Assets.xcassets */ = {isa = PBXFileReference; lastKnownFileType = folder.assetcatalog; path = Assets.xcassets; sourceTree = "<group>"; };
		592FCEE31FBA881A00BD7251 /* Base */ = {isa = PBXFileReference; lastKnownFileType = file.storyboard; name = Base; path = Base.lproj/LaunchScreen.storyboard; sourceTree = "<group>"; };
		592FCEE51FBA881A00BD7251 /* Info.plist */ = {isa = PBXFileReference; lastKnownFileType = text.plist.xml; path = Info.plist; sourceTree = "<group>"; };
		592FCEEA1FBA881A00BD7251 /* otgSMTests.xctest */ = {isa = PBXFileReference; explicitFileType = wrapper.cfbundle; includeInIndex = 0; path = otgSMTests.xctest; sourceTree = BUILT_PRODUCTS_DIR; };
		592FCEEE1FBA881A00BD7251 /* otgSMTests.swift */ = {isa = PBXFileReference; lastKnownFileType = sourcecode.swift; path = otgSMTests.swift; sourceTree = "<group>"; };
		592FCEF01FBA881A00BD7251 /* Info.plist */ = {isa = PBXFileReference; lastKnownFileType = text.plist.xml; path = Info.plist; sourceTree = "<group>"; };
		592FCEF51FBA881A00BD7251 /* otgSMUITests.xctest */ = {isa = PBXFileReference; explicitFileType = wrapper.cfbundle; includeInIndex = 0; path = otgSMUITests.xctest; sourceTree = BUILT_PRODUCTS_DIR; };
		592FCEF91FBA881A00BD7251 /* otgSMUITests.swift */ = {isa = PBXFileReference; lastKnownFileType = sourcecode.swift; path = otgSMUITests.swift; sourceTree = "<group>"; };
		592FCEFB1FBA881A00BD7251 /* Info.plist */ = {isa = PBXFileReference; lastKnownFileType = text.plist.xml; path = Info.plist; sourceTree = "<group>"; };
		592FCF081FBA885C00BD7251 /* requestVC.swift */ = {isa = PBXFileReference; lastKnownFileType = sourcecode.swift; path = requestVC.swift; sourceTree = "<group>"; };
		592FCF0A1FBA886B00BD7251 /* progressVC.swift */ = {isa = PBXFileReference; lastKnownFileType = sourcecode.swift; path = progressVC.swift; sourceTree = "<group>"; };
		592FCF0F1FBA88F200BD7251 /* Task.swift */ = {isa = PBXFileReference; lastKnownFileType = sourcecode.swift; path = Task.swift; sourceTree = "<group>"; };
		592FCF111FBA88FF00BD7251 /* User.swift */ = {isa = PBXFileReference; lastKnownFileType = sourcecode.swift; path = User.swift; sourceTree = "<group>"; };
		592FCF161FBA8BDA00BD7251 /* Place.swift */ = {isa = PBXFileReference; lastKnownFileType = sourcecode.swift; path = Place.swift; sourceTree = "<group>"; };
		592FCF181FBB4A8A00BD7251 /* tabBarController.swift */ = {isa = PBXFileReference; lastKnownFileType = sourcecode.swift; name = tabBarController.swift; path = otgSM/ViewControllers/tabBarController.swift; sourceTree = SOURCE_ROOT; };
		592FCF1A1FBB4B3C00BD7251 /* Config.swift */ = {isa = PBXFileReference; lastKnownFileType = sourcecode.swift; path = Config.swift; sourceTree = "<group>"; };
		592FCF1E1FBB4F6B00BD7251 /* loginVC.swift */ = {isa = PBXFileReference; lastKnownFileType = sourcecode.swift; path = loginVC.swift; sourceTree = "<group>"; };
		593B978C205615C0008AE587 /* ObjCBridge.h */ = {isa = PBXFileReference; lastKnownFileType = sourcecode.c.h; path = ObjCBridge.h; sourceTree = "<group>"; };
		593B97932056162F008AE587 /* EstimoteSDK.framework */ = {isa = PBXFileReference; lastKnownFileType = wrapper.framework; path = EstimoteSDK.framework; sourceTree = "<group>"; };
		593B979520561660008AE587 /* Icon.png */ = {isa = PBXFileReference; lastKnownFileType = image.png; path = Icon.png; sourceTree = "<group>"; };
		593B9797205876A7008AE587 /* profile.png */ = {isa = PBXFileReference; lastKnownFileType = image.png; path = profile.png; sourceTree = "<group>"; };
		593B979920587764008AE587 /* package.png */ = {isa = PBXFileReference; lastKnownFileType = image.png; path = package.png; sourceTree = "<group>"; };
		593B979B20588509008AE587 /* profileVC.swift */ = {isa = PBXFileReference; lastKnownFileType = sourcecode.swift; path = profileVC.swift; sourceTree = "<group>"; };
		59738AEC2169E83500E91C4B /* PushKit.framework */ = {isa = PBXFileReference; lastKnownFileType = wrapper.framework; name = PushKit.framework; path = System/Library/Frameworks/PushKit.framework; sourceTree = SDKROOT; };
/* End PBXFileReference section */

/* Begin PBXFrameworksBuildPhase section */
		592FCED31FBA881900BD7251 /* Frameworks */ = {
			isa = PBXFrameworksBuildPhase;
			buildActionMask = 2147483647;
			files = (
				59738AED2169E83500E91C4B /* PushKit.framework in Frameworks */,
				593B97942056162F008AE587 /* EstimoteSDK.framework in Frameworks */,
			);
			runOnlyForDeploymentPostprocessing = 0;
		};
		592FCEE71FBA881A00BD7251 /* Frameworks */ = {
			isa = PBXFrameworksBuildPhase;
			buildActionMask = 2147483647;
			files = (
			);
			runOnlyForDeploymentPostprocessing = 0;
		};
		592FCEF21FBA881A00BD7251 /* Frameworks */ = {
			isa = PBXFrameworksBuildPhase;
			buildActionMask = 2147483647;
			files = (
			);
			runOnlyForDeploymentPostprocessing = 0;
		};
/* End PBXFrameworksBuildPhase section */

/* Begin PBXGroup section */
		5926B70D20597E510067603B /* Managers */ = {
			isa = PBXGroup;
			children = (
				5926B70E20597E510067603B /* NotificationManager.swift */,
				5926B70F20597E510067603B /* Pretracker.swift */,
				5926B71020597E510067603B /* CommManager.swift */,
			);
			path = Managers;
			sourceTree = "<group>";
		};
		592FCECD1FBA881900BD7251 = {
			isa = PBXGroup;
			children = (
				592FCED81FBA881900BD7251 /* otgSM */,
				592FCEED1FBA881A00BD7251 /* otgSMTests */,
				592FCEF81FBA881A00BD7251 /* otgSMUITests */,
				592FCED71FBA881900BD7251 /* Products */,
				59738AEB2169E83500E91C4B /* Frameworks */,
			);
			sourceTree = "<group>";
		};
		592FCED71FBA881900BD7251 /* Products */ = {
			isa = PBXGroup;
			children = (
				592FCED61FBA881900BD7251 /* otgSM.app */,
				592FCEEA1FBA881A00BD7251 /* otgSMTests.xctest */,
				592FCEF51FBA881A00BD7251 /* otgSMUITests.xctest */,
			);
			name = Products;
			sourceTree = "<group>";
		};
		592FCED81FBA881900BD7251 /* otgSM */ = {
			isa = PBXGroup;
			children = (
				593B97932056162F008AE587 /* EstimoteSDK.framework */,
				592250ED2054CCAC007286A2 /* otgSM.entitlements */,
				592FCF1A1FBB4B3C00BD7251 /* Config.swift */,
				592FCED91FBA881A00BD7251 /* AppDelegate.swift */,
				593B978C205615C0008AE587 /* ObjCBridge.h */,
				592FCEE51FBA881A00BD7251 /* Info.plist */,
				5926B70D20597E510067603B /* Managers */,
				592FCF0E1FBA88D600BD7251 /* ViewControllers */,
				592FCF151FBA897500BD7251 /* Models */,
				592FCF071FBA883D00BD7251 /* Misc */,
			);
			path = otgSM;
			sourceTree = "<group>";
		};
		592FCEED1FBA881A00BD7251 /* otgSMTests */ = {
			isa = PBXGroup;
			children = (
				592FCEEE1FBA881A00BD7251 /* otgSMTests.swift */,
				592FCEF01FBA881A00BD7251 /* Info.plist */,
			);
			path = otgSMTests;
			sourceTree = "<group>";
		};
		592FCEF81FBA881A00BD7251 /* otgSMUITests */ = {
			isa = PBXGroup;
			children = (
				592FCEF91FBA881A00BD7251 /* otgSMUITests.swift */,
				592FCEFB1FBA881A00BD7251 /* Info.plist */,
			);
			path = otgSMUITests;
			sourceTree = "<group>";
		};
		592FCF071FBA883D00BD7251 /* Misc */ = {
			isa = PBXGroup;
			children = (
				592250EE2054CD0D007286A2 /* noyes.gpx */,
				592FCEDD1FBA881A00BD7251 /* Main.storyboard */,
				593B979920587764008AE587 /* package.png */,
				593B9797205876A7008AE587 /* profile.png */,
				593B979520561660008AE587 /* Icon.png */,
				592FCEE01FBA881A00BD7251 /* Assets.xcassets */,
				592FCEE21FBA881A00BD7251 /* LaunchScreen.storyboard */,
			);
			path = Misc;
			sourceTree = "<group>";
		};
		592FCF0E1FBA88D600BD7251 /* ViewControllers */ = {
			isa = PBXGroup;
			children = (
				592FCF1E1FBB4F6B00BD7251 /* loginVC.swift */,
				592FCF181FBB4A8A00BD7251 /* tabBarController.swift */,
				593B979B20588509008AE587 /* profileVC.swift */,
				592FCEDB1FBA881A00BD7251 /* ViewController.swift */,
				592FCF081FBA885C00BD7251 /* requestVC.swift */,
				592FCF0A1FBA886B00BD7251 /* progressVC.swift */,
			);
			path = ViewControllers;
			sourceTree = "<group>";
		};
		592FCF151FBA897500BD7251 /* Models */ = {
			isa = PBXGroup;
			children = (
				592FCF0F1FBA88F200BD7251 /* Task.swift */,
				592FCF161FBA8BDA00BD7251 /* Place.swift */,
				592FCF111FBA88FF00BD7251 /* User.swift */,
			);
			path = Models;
			sourceTree = "<group>";
		};
		59738AEB2169E83500E91C4B /* Frameworks */ = {
			isa = PBXGroup;
			children = (
				59738AEC2169E83500E91C4B /* PushKit.framework */,
			);
			name = Frameworks;
			sourceTree = "<group>";
		};
/* End PBXGroup section */

/* Begin PBXNativeTarget section */
		592FCED51FBA881900BD7251 /* otgSM */ = {
			isa = PBXNativeTarget;
			buildConfigurationList = 592FCEFE1FBA881A00BD7251 /* Build configuration list for PBXNativeTarget "otgSM" */;
			buildPhases = (
				592FCED21FBA881900BD7251 /* Sources */,
				592FCED31FBA881900BD7251 /* Frameworks */,
				592FCED41FBA881900BD7251 /* Resources */,
			);
			buildRules = (
			);
			dependencies = (
			);
			name = otgSM;
			productName = otgSM;
			productReference = 592FCED61FBA881900BD7251 /* otgSM.app */;
			productType = "com.apple.product-type.application";
		};
		592FCEE91FBA881A00BD7251 /* otgSMTests */ = {
			isa = PBXNativeTarget;
			buildConfigurationList = 592FCF011FBA881A00BD7251 /* Build configuration list for PBXNativeTarget "otgSMTests" */;
			buildPhases = (
				592FCEE61FBA881A00BD7251 /* Sources */,
				592FCEE71FBA881A00BD7251 /* Frameworks */,
				592FCEE81FBA881A00BD7251 /* Resources */,
			);
			buildRules = (
			);
			dependencies = (
				592FCEEC1FBA881A00BD7251 /* PBXTargetDependency */,
			);
			name = otgSMTests;
			productName = otgSMTests;
			productReference = 592FCEEA1FBA881A00BD7251 /* otgSMTests.xctest */;
			productType = "com.apple.product-type.bundle.unit-test";
		};
		592FCEF41FBA881A00BD7251 /* otgSMUITests */ = {
			isa = PBXNativeTarget;
			buildConfigurationList = 592FCF041FBA881A00BD7251 /* Build configuration list for PBXNativeTarget "otgSMUITests" */;
			buildPhases = (
				592FCEF11FBA881A00BD7251 /* Sources */,
				592FCEF21FBA881A00BD7251 /* Frameworks */,
				592FCEF31FBA881A00BD7251 /* Resources */,
			);
			buildRules = (
			);
			dependencies = (
				592FCEF71FBA881A00BD7251 /* PBXTargetDependency */,
			);
			name = otgSMUITests;
			productName = otgSMUITests;
			productReference = 592FCEF51FBA881A00BD7251 /* otgSMUITests.xctest */;
			productType = "com.apple.product-type.bundle.ui-testing";
		};
/* End PBXNativeTarget section */

/* Begin PBXProject section */
		592FCECE1FBA881900BD7251 /* Project object */ = {
			isa = PBXProject;
			attributes = {
				LastSwiftUpdateCheck = 0910;
				LastUpgradeCheck = 0910;
				ORGANIZATIONNAME = Delta;
				TargetAttributes = {
					592FCED51FBA881900BD7251 = {
						CreatedOnToolsVersion = 9.1;
						ProvisioningStyle = Manual;
						SystemCapabilities = {
							com.apple.BackgroundModes = {
								enabled = 1;
							};
							com.apple.Push = {
								enabled = 1;
							};
						};
					};
					592FCEE91FBA881A00BD7251 = {
						CreatedOnToolsVersion = 9.1;
						ProvisioningStyle = Automatic;
						TestTargetID = 592FCED51FBA881900BD7251;
					};
					592FCEF41FBA881A00BD7251 = {
						CreatedOnToolsVersion = 9.1;
						ProvisioningStyle = Automatic;
						TestTargetID = 592FCED51FBA881900BD7251;
					};
				};
			};
			buildConfigurationList = 592FCED11FBA881900BD7251 /* Build configuration list for PBXProject "otgSM" */;
			compatibilityVersion = "Xcode 8.0";
			developmentRegion = en;
			hasScannedForEncodings = 0;
			knownRegions = (
				en,
				Base,
			);
			mainGroup = 592FCECD1FBA881900BD7251;
			productRefGroup = 592FCED71FBA881900BD7251 /* Products */;
			projectDirPath = "";
			projectRoot = "";
			targets = (
				592FCED51FBA881900BD7251 /* otgSM */,
				592FCEE91FBA881A00BD7251 /* otgSMTests */,
				592FCEF41FBA881A00BD7251 /* otgSMUITests */,
			);
		};
/* End PBXProject section */

/* Begin PBXResourcesBuildPhase section */
		592FCED41FBA881900BD7251 /* Resources */ = {
			isa = PBXResourcesBuildPhase;
			buildActionMask = 2147483647;
			files = (
				593B979620561660008AE587 /* Icon.png in Resources */,
				593B979A20587764008AE587 /* package.png in Resources */,
				593B9798205876A7008AE587 /* profile.png in Resources */,
				592250EF2054CD0D007286A2 /* noyes.gpx in Resources */,
				592FCEE41FBA881A00BD7251 /* LaunchScreen.storyboard in Resources */,
				592FCEE11FBA881A00BD7251 /* Assets.xcassets in Resources */,
				592FCEDF1FBA881A00BD7251 /* Main.storyboard in Resources */,
			);
			runOnlyForDeploymentPostprocessing = 0;
		};
		592FCEE81FBA881A00BD7251 /* Resources */ = {
			isa = PBXResourcesBuildPhase;
			buildActionMask = 2147483647;
			files = (
			);
			runOnlyForDeploymentPostprocessing = 0;
		};
		592FCEF31FBA881A00BD7251 /* Resources */ = {
			isa = PBXResourcesBuildPhase;
			buildActionMask = 2147483647;
			files = (
			);
			runOnlyForDeploymentPostprocessing = 0;
		};
/* End PBXResourcesBuildPhase section */

/* Begin PBXSourcesBuildPhase section */
		592FCED21FBA881900BD7251 /* Sources */ = {
			isa = PBXSourcesBuildPhase;
			buildActionMask = 2147483647;
			files = (
				592FCF091FBA885C00BD7251 /* requestVC.swift in Sources */,
				592FCF0B1FBA886B00BD7251 /* progressVC.swift in Sources */,
				592FCEDC1FBA881A00BD7251 /* ViewController.swift in Sources */,
				592FCF101FBA88F200BD7251 /* Task.swift in Sources */,
				592FCF171FBA8BDA00BD7251 /* Place.swift in Sources */,
				5926B71320597E510067603B /* CommManager.swift in Sources */,
				592FCF191FBB4A8A00BD7251 /* tabBarController.swift in Sources */,
				592FCF1B1FBB4B3C00BD7251 /* Config.swift in Sources */,
				592FCEDA1FBA881A00BD7251 /* AppDelegate.swift in Sources */,
				593B979C20588509008AE587 /* profileVC.swift in Sources */,
				592FCF1F1FBB4F6B00BD7251 /* loginVC.swift in Sources */,
				5926B71120597E510067603B /* NotificationManager.swift in Sources */,
				5926B71220597E510067603B /* Pretracker.swift in Sources */,
				592FCF121FBA88FF00BD7251 /* User.swift in Sources */,
			);
			runOnlyForDeploymentPostprocessing = 0;
		};
		592FCEE61FBA881A00BD7251 /* Sources */ = {
			isa = PBXSourcesBuildPhase;
			buildActionMask = 2147483647;
			files = (
				592FCEEF1FBA881A00BD7251 /* otgSMTests.swift in Sources */,
			);
			runOnlyForDeploymentPostprocessing = 0;
		};
		592FCEF11FBA881A00BD7251 /* Sources */ = {
			isa = PBXSourcesBuildPhase;
			buildActionMask = 2147483647;
			files = (
				592FCEFA1FBA881A00BD7251 /* otgSMUITests.swift in Sources */,
			);
			runOnlyForDeploymentPostprocessing = 0;
		};
/* End PBXSourcesBuildPhase section */

/* Begin PBXTargetDependency section */
		592FCEEC1FBA881A00BD7251 /* PBXTargetDependency */ = {
			isa = PBXTargetDependency;
			target = 592FCED51FBA881900BD7251 /* otgSM */;
			targetProxy = 592FCEEB1FBA881A00BD7251 /* PBXContainerItemProxy */;
		};
		592FCEF71FBA881A00BD7251 /* PBXTargetDependency */ = {
			isa = PBXTargetDependency;
			target = 592FCED51FBA881900BD7251 /* otgSM */;
			targetProxy = 592FCEF61FBA881A00BD7251 /* PBXContainerItemProxy */;
		};
/* End PBXTargetDependency section */

/* Begin PBXVariantGroup section */
		592FCEDD1FBA881A00BD7251 /* Main.storyboard */ = {
			isa = PBXVariantGroup;
			children = (
				592FCEDE1FBA881A00BD7251 /* Base */,
			);
			name = Main.storyboard;
			sourceTree = "<group>";
		};
		592FCEE21FBA881A00BD7251 /* LaunchScreen.storyboard */ = {
			isa = PBXVariantGroup;
			children = (
				592FCEE31FBA881A00BD7251 /* Base */,
			);
			name = LaunchScreen.storyboard;
			sourceTree = "<group>";
		};
/* End PBXVariantGroup section */

/* Begin XCBuildConfiguration section */
		592FCEFC1FBA881A00BD7251 /* Debug */ = {
			isa = XCBuildConfiguration;
			buildSettings = {
				ALWAYS_SEARCH_USER_PATHS = NO;
				CLANG_ANALYZER_NONNULL = YES;
				CLANG_ANALYZER_NUMBER_OBJECT_CONVERSION = YES_AGGRESSIVE;
				CLANG_CXX_LANGUAGE_STANDARD = "gnu++14";
				CLANG_CXX_LIBRARY = "libc++";
				CLANG_ENABLE_MODULES = YES;
				CLANG_ENABLE_OBJC_ARC = YES;
				CLANG_WARN_BLOCK_CAPTURE_AUTORELEASING = YES;
				CLANG_WARN_BOOL_CONVERSION = YES;
				CLANG_WARN_COMMA = YES;
				CLANG_WARN_CONSTANT_CONVERSION = YES;
				CLANG_WARN_DIRECT_OBJC_ISA_USAGE = YES_ERROR;
				CLANG_WARN_DOCUMENTATION_COMMENTS = YES;
				CLANG_WARN_EMPTY_BODY = YES;
				CLANG_WARN_ENUM_CONVERSION = YES;
				CLANG_WARN_INFINITE_RECURSION = YES;
				CLANG_WARN_INT_CONVERSION = YES;
				CLANG_WARN_NON_LITERAL_NULL_CONVERSION = YES;
				CLANG_WARN_OBJC_LITERAL_CONVERSION = YES;
				CLANG_WARN_OBJC_ROOT_CLASS = YES_ERROR;
				CLANG_WARN_RANGE_LOOP_ANALYSIS = YES;
				CLANG_WARN_STRICT_PROTOTYPES = YES;
				CLANG_WARN_SUSPICIOUS_MOVE = YES;
				CLANG_WARN_UNGUARDED_AVAILABILITY = YES_AGGRESSIVE;
				CLANG_WARN_UNREACHABLE_CODE = YES;
				CLANG_WARN__DUPLICATE_METHOD_MATCH = YES;
				CODE_SIGN_IDENTITY = "iPhone Developer";
				COPY_PHASE_STRIP = NO;
				DEBUG_INFORMATION_FORMAT = dwarf;
				ENABLE_STRICT_OBJC_MSGSEND = YES;
				ENABLE_TESTABILITY = YES;
				GCC_C_LANGUAGE_STANDARD = gnu11;
				GCC_DYNAMIC_NO_PIC = NO;
				GCC_NO_COMMON_BLOCKS = YES;
				GCC_OPTIMIZATION_LEVEL = 0;
				GCC_PREPROCESSOR_DEFINITIONS = (
					"DEBUG=1",
					"$(inherited)",
				);
				GCC_WARN_64_TO_32_BIT_CONVERSION = YES;
				GCC_WARN_ABOUT_RETURN_TYPE = YES_ERROR;
				GCC_WARN_UNDECLARED_SELECTOR = YES;
				GCC_WARN_UNINITIALIZED_AUTOS = YES_AGGRESSIVE;
				GCC_WARN_UNUSED_FUNCTION = YES;
				GCC_WARN_UNUSED_VARIABLE = YES;
				IPHONEOS_DEPLOYMENT_TARGET = 10.0;
				MTL_ENABLE_DEBUG_INFO = YES;
				ONLY_ACTIVE_ARCH = YES;
				SDKROOT = iphoneos;
				SWIFT_ACTIVE_COMPILATION_CONDITIONS = DEBUG;
				SWIFT_OPTIMIZATION_LEVEL = "-Onone";
			};
			name = Debug;
		};
		592FCEFD1FBA881A00BD7251 /* Release */ = {
			isa = XCBuildConfiguration;
			buildSettings = {
				ALWAYS_SEARCH_USER_PATHS = NO;
				CLANG_ANALYZER_NONNULL = YES;
				CLANG_ANALYZER_NUMBER_OBJECT_CONVERSION = YES_AGGRESSIVE;
				CLANG_CXX_LANGUAGE_STANDARD = "gnu++14";
				CLANG_CXX_LIBRARY = "libc++";
				CLANG_ENABLE_MODULES = YES;
				CLANG_ENABLE_OBJC_ARC = YES;
				CLANG_WARN_BLOCK_CAPTURE_AUTORELEASING = YES;
				CLANG_WARN_BOOL_CONVERSION = YES;
				CLANG_WARN_COMMA = YES;
				CLANG_WARN_CONSTANT_CONVERSION = YES;
				CLANG_WARN_DIRECT_OBJC_ISA_USAGE = YES_ERROR;
				CLANG_WARN_DOCUMENTATION_COMMENTS = YES;
				CLANG_WARN_EMPTY_BODY = YES;
				CLANG_WARN_ENUM_CONVERSION = YES;
				CLANG_WARN_INFINITE_RECURSION = YES;
				CLANG_WARN_INT_CONVERSION = YES;
				CLANG_WARN_NON_LITERAL_NULL_CONVERSION = YES;
				CLANG_WARN_OBJC_LITERAL_CONVERSION = YES;
				CLANG_WARN_OBJC_ROOT_CLASS = YES_ERROR;
				CLANG_WARN_RANGE_LOOP_ANALYSIS = YES;
				CLANG_WARN_STRICT_PROTOTYPES = YES;
				CLANG_WARN_SUSPICIOUS_MOVE = YES;
				CLANG_WARN_UNGUARDED_AVAILABILITY = YES_AGGRESSIVE;
				CLANG_WARN_UNREACHABLE_CODE = YES;
				CLANG_WARN__DUPLICATE_METHOD_MATCH = YES;
				CODE_SIGN_IDENTITY = "iPhone Developer";
				COPY_PHASE_STRIP = NO;
				DEBUG_INFORMATION_FORMAT = "dwarf-with-dsym";
				ENABLE_NS_ASSERTIONS = NO;
				ENABLE_STRICT_OBJC_MSGSEND = YES;
				GCC_C_LANGUAGE_STANDARD = gnu11;
				GCC_NO_COMMON_BLOCKS = YES;
				GCC_WARN_64_TO_32_BIT_CONVERSION = YES;
				GCC_WARN_ABOUT_RETURN_TYPE = YES_ERROR;
				GCC_WARN_UNDECLARED_SELECTOR = YES;
				GCC_WARN_UNINITIALIZED_AUTOS = YES_AGGRESSIVE;
				GCC_WARN_UNUSED_FUNCTION = YES;
				GCC_WARN_UNUSED_VARIABLE = YES;
				IPHONEOS_DEPLOYMENT_TARGET = 10.0;
				MTL_ENABLE_DEBUG_INFO = NO;
				SDKROOT = iphoneos;
				SWIFT_OPTIMIZATION_LEVEL = "-Owholemodule";
				VALIDATE_PRODUCT = YES;
			};
			name = Release;
		};
		592FCEFF1FBA881A00BD7251 /* Debug */ = {
			isa = XCBuildConfiguration;
			buildSettings = {
				ASSETCATALOG_COMPILER_APPICON_NAME = AppIcon;
				CODE_SIGN_ENTITLEMENTS = otgSM/otgSM.entitlements;
				CODE_SIGN_IDENTITY = "iPhone Developer: Yongsung Kim (ALQWK44CCB)";
				"CODE_SIGN_IDENTITY[sdk=iphoneos*]" = "iPhone Developer: Yongsung Kim (ALQWK44CCB)";
				CODE_SIGN_STYLE = Manual;
				DEVELOPMENT_TEAM = W4E2C6X642;
				FRAMEWORK_SEARCH_PATHS = (
					"$(inherited)",
					"$(PROJECT_DIR)/otgSM",
				);
				INFOPLIST_FILE = otgSM/Info.plist;
				IPHONEOS_DEPLOYMENT_TARGET = 10.0;
				LD_RUNPATH_SEARCH_PATHS = "$(inherited) @executable_path/Frameworks";
				PRODUCT_BUNDLE_IDENTIFIER = edu.northwestern.delta.otgDev;
				PRODUCT_NAME = "$(TARGET_NAME)";
				PROVISIONING_PROFILE = "3945057d-c5f7-4a86-8041-bde0f58f199b";
				PROVISIONING_PROFILE_SPECIFIER = "OTG Dev";
				SWIFT_OBJC_BRIDGING_HEADER = "${PROJECT_NAME}/ObjCBridge.h";
				SWIFT_VERSION = 4.0;
				TARGETED_DEVICE_FAMILY = 1;
			};
			name = Debug;
		};
		592FCF001FBA881A00BD7251 /* Release */ = {
			isa = XCBuildConfiguration;
			buildSettings = {
				ASSETCATALOG_COMPILER_APPICON_NAME = AppIcon;
				CODE_SIGN_ENTITLEMENTS = otgSM/otgSM.entitlements;
				CODE_SIGN_IDENTITY = "iPhone Developer: Yongsung Kim (ALQWK44CCB)";
				"CODE_SIGN_IDENTITY[sdk=iphoneos*]" = "iPhone Developer: Yongsung Kim (ALQWK44CCB)";
				CODE_SIGN_STYLE = Manual;
				DEVELOPMENT_TEAM = W4E2C6X642;
				FRAMEWORK_SEARCH_PATHS = (
					"$(inherited)",
					"$(PROJECT_DIR)/otgSM",
				);
				INFOPLIST_FILE = otgSM/Info.plist;
				IPHONEOS_DEPLOYMENT_TARGET = 10.0;
				LD_RUNPATH_SEARCH_PATHS = "$(inherited) @executable_path/Frameworks";
				PRODUCT_BUNDLE_IDENTIFIER = edu.northwestern.delta.otgDev;
				PRODUCT_NAME = "$(TARGET_NAME)";
				PROVISIONING_PROFILE = "4d16cc13-632c-4ffd-b72f-74db84a82c36";
				PROVISIONING_PROFILE_SPECIFIER = "OTG Dev";
				SWIFT_OBJC_BRIDGING_HEADER = "${PROJECT_NAME}/ObjCBridge.h";
				SWIFT_VERSION = 4.0;
				TARGETED_DEVICE_FAMILY = 1;
			};
			name = Release;
		};
		592FCF021FBA881A00BD7251 /* Debug */ = {
			isa = XCBuildConfiguration;
			buildSettings = {
				ALWAYS_EMBED_SWIFT_STANDARD_LIBRARIES = YES;
				BUNDLE_LOADER = "$(TEST_HOST)";
				CODE_SIGN_STYLE = Automatic;
				INFOPLIST_FILE = otgSMTests/Info.plist;
				LD_RUNPATH_SEARCH_PATHS = "$(inherited) @executable_path/Frameworks @loader_path/Frameworks";
				PRODUCT_BUNDLE_IDENTIFIER = edu.northwestern.delta.otgSMTests;
				PRODUCT_NAME = "$(TARGET_NAME)";
				SWIFT_VERSION = 4.0;
				TARGETED_DEVICE_FAMILY = "1,2";
				TEST_HOST = "$(BUILT_PRODUCTS_DIR)/otgSM.app/otgSM";
			};
			name = Debug;
		};
		592FCF031FBA881A00BD7251 /* Release */ = {
			isa = XCBuildConfiguration;
			buildSettings = {
				ALWAYS_EMBED_SWIFT_STANDARD_LIBRARIES = YES;
				BUNDLE_LOADER = "$(TEST_HOST)";
				CODE_SIGN_STYLE = Automatic;
				INFOPLIST_FILE = otgSMTests/Info.plist;
				LD_RUNPATH_SEARCH_PATHS = "$(inherited) @executable_path/Frameworks @loader_path/Frameworks";
				PRODUCT_BUNDLE_IDENTIFIER = edu.northwestern.delta.otgSMTests;
				PRODUCT_NAME = "$(TARGET_NAME)";
				SWIFT_VERSION = 4.0;
				TARGETED_DEVICE_FAMILY = "1,2";
				TEST_HOST = "$(BUILT_PRODUCTS_DIR)/otgSM.app/otgSM";
			};
			name = Release;
		};
		592FCF051FBA881A00BD7251 /* Debug */ = {
			isa = XCBuildConfiguration;
			buildSettings = {
				ALWAYS_EMBED_SWIFT_STANDARD_LIBRARIES = YES;
				CODE_SIGN_STYLE = Automatic;
				INFOPLIST_FILE = otgSMUITests/Info.plist;
				LD_RUNPATH_SEARCH_PATHS = "$(inherited) @executable_path/Frameworks @loader_path/Frameworks";
				PRODUCT_BUNDLE_IDENTIFIER = edu.northwestern.delta.otgSMUITests;
				PRODUCT_NAME = "$(TARGET_NAME)";
				SWIFT_VERSION = 4.0;
				TARGETED_DEVICE_FAMILY = "1,2";
				TEST_TARGET_NAME = otgSM;
			};
			name = Debug;
		};
		592FCF061FBA881A00BD7251 /* Release */ = {
			isa = XCBuildConfiguration;
			buildSettings = {
				ALWAYS_EMBED_SWIFT_STANDARD_LIBRARIES = YES;
				CODE_SIGN_STYLE = Automatic;
				INFOPLIST_FILE = otgSMUITests/Info.plist;
				LD_RUNPATH_SEARCH_PATHS = "$(inherited) @executable_path/Frameworks @loader_path/Frameworks";
				PRODUCT_BUNDLE_IDENTIFIER = edu.northwestern.delta.otgSMUITests;
				PRODUCT_NAME = "$(TARGET_NAME)";
				SWIFT_VERSION = 4.0;
				TARGETED_DEVICE_FAMILY = "1,2";
				TEST_TARGET_NAME = otgSM;
			};
			name = Release;
		};
/* End XCBuildConfiguration section */

/* Begin XCConfigurationList section */
		592FCED11FBA881900BD7251 /* Build configuration list for PBXProject "otgSM" */ = {
			isa = XCConfigurationList;
			buildConfigurations = (
				592FCEFC1FBA881A00BD7251 /* Debug */,
				592FCEFD1FBA881A00BD7251 /* Release */,
			);
			defaultConfigurationIsVisible = 0;
			defaultConfigurationName = Release;
		};
		592FCEFE1FBA881A00BD7251 /* Build configuration list for PBXNativeTarget "otgSM" */ = {
			isa = XCConfigurationList;
			buildConfigurations = (
				592FCEFF1FBA881A00BD7251 /* Debug */,
				592FCF001FBA881A00BD7251 /* Release */,
			);
			defaultConfigurationIsVisible = 0;
			defaultConfigurationName = Release;
		};
		592FCF011FBA881A00BD7251 /* Build configuration list for PBXNativeTarget "otgSMTests" */ = {
			isa = XCConfigurationList;
			buildConfigurations = (
				592FCF021FBA881A00BD7251 /* Debug */,
				592FCF031FBA881A00BD7251 /* Release */,
			);
			defaultConfigurationIsVisible = 0;
			defaultConfigurationName = Release;
		};
		592FCF041FBA881A00BD7251 /* Build configuration list for PBXNativeTarget "otgSMUITests" */ = {
			isa = XCConfigurationList;
			buildConfigurations = (
				592FCF051FBA881A00BD7251 /* Debug */,
				592FCF061FBA881A00BD7251 /* Release */,
			);
			defaultConfigurationIsVisible = 0;
			defaultConfigurationName = Release;
		};
/* End XCConfigurationList section */
	};
	rootObject = 592FCECE1FBA881900BD7251 /* Project object */;
}
